{
	"name": "smart-thermostat-pi.nosync",
	"lockfileVersion": 2,
	"requires": true,
	"packages": {
		"": {
			"dependencies": {
				"@types/node": "^16.11.63",
				"node-dht-sensor": "^0.4.3"
			},
			"devDependencies": {
				"@types/node-dht-sensor": "^0.4.0",
				"typescript": "^4.8.4"
			}
		},
		"node_modules/@types/node": {
			"version": "16.11.63",
			"resolved": "https://registry.npmjs.org/@types/node/-/node-16.11.63.tgz",
			"integrity": "sha512-3OxnrEQLBz8EIIaHpg3CibmTAEGkDBcHY4fL5cnBwg2vd2yvHrUDGWxK+MlYPeXWWIoJJW79dGtU+oeBr6166Q=="
		},
		"node_modules/@types/node-dht-sensor": {
			"version": "0.4.0",
			"resolved": "https://registry.npmjs.org/@types/node-dht-sensor/-/node-dht-sensor-0.4.0.tgz",
			"integrity": "sha512-eCT7SZFaxKK8HRPn8W4dE8fD/ysO2rM4rkVySwVsVkWOv6co30IvDvnwmFey41zhA4LT8FOZybsUd5GWwGOXeA==",
			"dev": true,
			"dependencies": {
				"@types/node": "*"
			}
		},
		"node_modules/node-addon-api": {
			"version": "1.7.2",
			"resolved": "https://registry.npmjs.org/node-addon-api/-/node-addon-api-1.7.2.tgz",
			"integrity": "sha512-ibPK3iA+vaY1eEjESkQkM0BbCqFOaZMiXRTtdB0u7b4djtY6JnsjvPdUHVMg6xQt3B8fpTTWHI9A+ADjM9frzg=="
		},
		"node_modules/node-dht-sensor": {
			"version": "0.4.3",
			"resolved": "https://registry.npmjs.org/node-dht-sensor/-/node-dht-sensor-0.4.3.tgz",
			"integrity": "sha512-DMJO6UjWiDF3WP0qAgzPXDAAMAT0VVedFbtCUU/jynIRPO2Sa+2zwA3d7ySriha87Tccd4e+kiJoOxSc9BkSKw==",
			"hasInstallScript": true,
			"dependencies": {
				"node-addon-api": "^1.6.3"
			}
		},
		"node_modules/typescript": {
			"version": "4.8.4",
			"resolved": "https://registry.npmjs.org/typescript/-/typescript-4.8.4.tgz",
			"integrity": "sha512-QCh+85mCy+h0IGff8r5XWzOVSbBO+KfeYrMQh7NJ58QujwcE22u+NUSmUxqF+un70P9GXKxa2HCNiTTMJknyjQ==",
			"dev": true,
			"bin": {
				"tsc": "bin/tsc",
				"tsserver": "bin/tsserver"
			},
			"engines": {
				"node": ">=4.2.0"
			}
		}
	},
	"dependencies": {
		"@types/node": {
			"version": "16.11.63",
			"resolved": "https://registry.npmjs.org/@types/node/-/node-16.11.63.tgz",
			"integrity": "sha512-3OxnrEQLBz8EIIaHpg3CibmTAEGkDBcHY4fL5cnBwg2vd2yvHrUDGWxK+MlYPeXWWIoJJW79dGtU+oeBr6166Q=="
		},
		"@types/node-dht-sensor": {
			"version": "0.4.0",
			"resolved": "https://registry.npmjs.org/@types/node-dht-sensor/-/node-dht-sensor-0.4.0.tgz",
			"integrity": "sha512-eCT7SZFaxKK8HRPn8W4dE8fD/ysO2rM4rkVySwVsVkWOv6co30IvDvnwmFey41zhA4LT8FOZybsUd5GWwGOXeA==",
			"dev": true,
			"requires": {
				"@types/node": "*"
			}
		},
		"node-addon-api": {
			"version": "1.7.2",
			"resolved": "https://registry.npmjs.org/node-addon-api/-/node-addon-api-1.7.2.tgz",
			"integrity": "sha512-ibPK3iA+vaY1eEjESkQkM0BbCqFOaZMiXRTtdB0u7b4djtY6JnsjvPdUHVMg6xQt3B8fpTTWHI9A+ADjM9frzg=="
		},
		"node-dht-sensor": {
			"version": "0.4.3",
			"resolved": "https://registry.npmjs.org/node-dht-sensor/-/node-dht-sensor-0.4.3.tgz",
			"integrity": "sha512-DMJO6UjWiDF3WP0qAgzPXDAAMAT0VVedFbtCUU/jynIRPO2Sa+2zwA3d7ySriha87Tccd4e+kiJoOxSc9BkSKw==",
			"requires": {
				"node-addon-api": "^1.6.3"
			}
		},
		"typescript": {
			"version": "4.8.4",
			"resolved": "https://registry.npmjs.org/typescript/-/typescript-4.8.4.tgz",
			"integrity": "sha512-QCh+85mCy+h0IGff8r5XWzOVSbBO+KfeYrMQh7NJ58QujwcE22u+NUSmUxqF+un70P9GXKxa2HCNiTTMJknyjQ==",
			"dev": true
		}
	}
}
